
Microsoft Visual Studio Solution File, Format Version 12.00
# Visual Studio Version 17
VisualStudioVersion = 17.13.35931.197
MinimumVisualStudioVersion = 10.0.40219.1
Project("{9A19103F-16F7-4668-BE54-9A1E7A4F7556}") = "LPRSystem.Web.UI", "LPRSystem.Web.UI\LPRSystem.Web.UI.csproj", "{3E091D02-D6ED-4D26-8BDC-E5A375A1FF04}"
EndProject
Project("{00D1A9C2-B5F0-4AF3-8072-F6C62B433612}") = "LPRSystem.Web.DB", "LPRSystem.Web.DB\LPRSystem.Web.DB.sqlproj", "{E632B174-00B4-495B-A4E9-1C50A1BD58EC}"
EndProject
Project("{9A19103F-16F7-4668-BE54-9A1E7A4F7556}") = "LPRSystem.Web.API.Tests", "LPRSystem.Web.API.Tests\LPRSystem.Web.API.Tests.csproj", "{3D6860DF-7EC7-474F-9ED5-B0A1245430E8}"
EndProject
Project("{9A19103F-16F7-4668-BE54-9A1E7A4F7556}") = "LPRSystem.Web.API.Data.Manager", "LPRSystem.Web.API.Data.Manager\LPRSystem.Web.API.Data.Manager.csproj", "{8CBEFEBE-7AD9-40A9-B003-655211E41E52}"
EndProject
Project("{FAE04EC0-301F-11D3-BF4B-00C04F79EFBC}") = "LPRSystem.Web.API", "LPRSystem.Web.API\LPRSystem.Web.API.csproj", "{4F76FE4E-C387-4B0A-891D-DC52D571CF99}"
EndProject
Project("{FAE04EC0-301F-11D3-BF4B-00C04F79EFBC}") = "LPRSystem.Web.API.Manager", "LPRSystem.Web.API.Manager\LPRSystem.Web.API.Manager.csproj", "{F436905E-6969-4714-8CB7-E193793A294D}"
EndProject
Global
	GlobalSection(SolutionConfigurationPlatforms) = preSolution
		Debug|Any CPU = Debug|Any CPU
		Release|Any CPU = Release|Any CPU
	EndGlobalSection
	GlobalSection(ProjectConfigurationPlatforms) = postSolution
		{3E091D02-D6ED-4D26-8BDC-E5A375A1FF04}.Debug|Any CPU.ActiveCfg = Debug|Any CPU
		{3E091D02-D6ED-4D26-8BDC-E5A375A1FF04}.Debug|Any CPU.Build.0 = Debug|Any CPU
		{3E091D02-D6ED-4D26-8BDC-E5A375A1FF04}.Release|Any CPU.ActiveCfg = Release|Any CPU
		{3E091D02-D6ED-4D26-8BDC-E5A375A1FF04}.Release|Any CPU.Build.0 = Release|Any CPU
		{E632B174-00B4-495B-A4E9-1C50A1BD58EC}.Debug|Any CPU.ActiveCfg = Debug|Any CPU
		{E632B174-00B4-495B-A4E9-1C50A1BD58EC}.Debug|Any CPU.Build.0 = Debug|Any CPU
		{E632B174-00B4-495B-A4E9-1C50A1BD58EC}.Debug|Any CPU.Deploy.0 = Debug|Any CPU
		{E632B174-00B4-495B-A4E9-1C50A1BD58EC}.Release|Any CPU.ActiveCfg = Release|Any CPU
		{E632B174-00B4-495B-A4E9-1C50A1BD58EC}.Release|Any CPU.Build.0 = Release|Any CPU
		{E632B174-00B4-495B-A4E9-1C50A1BD58EC}.Release|Any CPU.Deploy.0 = Release|Any CPU
		{3D6860DF-7EC7-474F-9ED5-B0A1245430E8}.Debug|Any CPU.ActiveCfg = Debug|Any CPU
		{3D6860DF-7EC7-474F-9ED5-B0A1245430E8}.Debug|Any CPU.Build.0 = Debug|Any CPU
		{3D6860DF-7EC7-474F-9ED5-B0A1245430E8}.Release|Any CPU.ActiveCfg = Release|Any CPU
		{3D6860DF-7EC7-474F-9ED5-B0A1245430E8}.Release|Any CPU.Build.0 = Release|Any CPU
		{8CBEFEBE-7AD9-40A9-B003-655211E41E52}.Debug|Any CPU.ActiveCfg = Debug|Any CPU
		{8CBEFEBE-7AD9-40A9-B003-655211E41E52}.Debug|Any CPU.Build.0 = Debug|Any CPU
		{8CBEFEBE-7AD9-40A9-B003-655211E41E52}.Release|Any CPU.ActiveCfg = Release|Any CPU
		{8CBEFEBE-7AD9-40A9-B003-655211E41E52}.Release|Any CPU.Build.0 = Release|Any CPU
		{4F76FE4E-C387-4B0A-891D-DC52D571CF99}.Debug|Any CPU.ActiveCfg = Debug|Any CPU
		{4F76FE4E-C387-4B0A-891D-DC52D571CF99}.Debug|Any CPU.Build.0 = Debug|Any CPU
		{4F76FE4E-C387-4B0A-891D-DC52D571CF99}.Release|Any CPU.ActiveCfg = Release|Any CPU
		{4F76FE4E-C387-4B0A-891D-DC52D571CF99}.Release|Any CPU.Build.0 = Release|Any CPU
		{F436905E-6969-4714-8CB7-E193793A294D}.Debug|Any CPU.ActiveCfg = Debug|Any CPU
		{F436905E-6969-4714-8CB7-E193793A294D}.Debug|Any CPU.Build.0 = Debug|Any CPU
		{F436905E-6969-4714-8CB7-E193793A294D}.Release|Any CPU.ActiveCfg = Release|Any CPU
		{F436905E-6969-4714-8CB7-E193793A294D}.Release|Any CPU.Build.0 = Release|Any CPU
	EndGlobalSection
	GlobalSection(SolutionProperties) = preSolution
		HideSolutionNode = FALSE
	EndGlobalSection
	GlobalSection(ExtensibilityGlobals) = postSolution
		SolutionGuid = {C9E0ED80-274C-4160-97FD-D4FFFB2C7B3F}
	EndGlobalSection
EndGlobal
